
Microsoft Visual Studio Solution File, Format Version 12.00
# Visual Studio Version 16
VisualStudioVersion = 16.0.30011.22
MinimumVisualStudioVersion = 10.0.40219.1
Project("{FAE04EC0-301F-11D3-BF4B-00C04F79EFBC}") = "NGK_3", "NGK_3\NGK_3.csproj", "{D76EC275-2E87-4E2E-8695-B257B05F6069}"
EndProject
Global
	GlobalSection(SolutionConfigurationPlatforms) = preSolution
		Debug|Any CPU = Debug|Any CPU
		Release|Any CPU = Release|Any CPU
	EndGlobalSection
	GlobalSection(ProjectConfigurationPlatforms) = postSolution
		{D76EC275-2E87-4E2E-8695-B257B05F6069}.Debug|Any CPU.ActiveCfg = Debug|Any CPU
		{D76EC275-2E87-4E2E-8695-B257B05F6069}.Debug|Any CPU.Build.0 = Debug|Any CPU
		{D76EC275-2E87-4E2E-8695-B257B05F6069}.Release|Any CPU.ActiveCfg = Release|Any CPU
		{D76EC275-2E87-4E2E-8695-B257B05F6069}.Release|Any CPU.Build.0 = Release|Any CPU
	EndGlobalSection
	GlobalSection(SolutionProperties) = preSolution
		HideSolutionNode = FALSE
	EndGlobalSection
	GlobalSection(ExtensibilityGlobals) = postSolution
		SolutionGuid = {DD2F267D-CA74-4DA4-AC3C-E95F46A89975}
	EndGlobalSection
EndGlobal
